
Microsoft Visual Studio Solution File, Format Version 12.00
# Visual Studio Version 17
VisualStudioVersion = 17.0.31903.59
MinimumVisualStudioVersion = 10.0.40219.1
Project("{FAE04EC0-301F-11D3-BF4B-00C04F79EFBC}") = "cs4080capstone", "cs4080capstone\cs4080capstone.csproj", "{095C80B9-C118-4072-B06E-D163C8DA308E}"
EndProject
Global
	GlobalSection(SolutionConfigurationPlatforms) = preSolution
		Debug|Any CPU = Debug|Any CPU
		Release|Any CPU = Release|Any CPU
	EndGlobalSection
	GlobalSection(SolutionProperties) = preSolution
		HideSolutionNode = FALSE
	EndGlobalSection
	GlobalSection(ProjectConfigurationPlatforms) = postSolution
		{095C80B9-C118-4072-B06E-D163C8DA308E}.Debug|Any CPU.ActiveCfg = Debug|Any CPU
		{095C80B9-C118-4072-B06E-D163C8DA308E}.Debug|Any CPU.Build.0 = Debug|Any CPU
		{095C80B9-C118-4072-B06E-D163C8DA308E}.Release|Any CPU.ActiveCfg = Release|Any CPU
		{095C80B9-C118-4072-B06E-D163C8DA308E}.Release|Any CPU.Build.0 = Release|Any CPU
	EndGlobalSection
EndGlobal
